
Microsoft Visual Studio Solution File, Format Version 12.00
# Visual Studio Version 16
VisualStudioVersion = 16.0.29318.209
MinimumVisualStudioVersion = 10.0.40219.1
Project("{FAE04EC0-301F-11D3-BF4B-00C04F79EFBC}") = "ConsoleApp", "ConsoleApp\ConsoleApp.csproj", "{1F5BFDB6-0F2B-4CEA-B5F9-8747839E74E3}"
EndProject
Project("{FAE04EC0-301F-11D3-BF4B-00C04F79EFBC}") = "WpfApp", "WpfApp\WpfApp.csproj", "{80DE2BF4-3C6A-44F0-BC3F-FA6CED7AB1DA}"
EndProject
Global
	GlobalSection(SolutionConfigurationPlatforms) = preSolution
		Debug|Any CPU = Debug|Any CPU
		Release|Any CPU = Release|Any CPU
	EndGlobalSection
	GlobalSection(ProjectConfigurationPlatforms) = postSolution
		{1F5BFDB6-0F2B-4CEA-B5F9-8747839E74E3}.Debug|Any CPU.ActiveCfg = Debug|Any CPU
		{1F5BFDB6-0F2B-4CEA-B5F9-8747839E74E3}.Debug|Any CPU.Build.0 = Debug|Any CPU
		{1F5BFDB6-0F2B-4CEA-B5F9-8747839E74E3}.Release|Any CPU.ActiveCfg = Release|Any CPU
		{1F5BFDB6-0F2B-4CEA-B5F9-8747839E74E3}.Release|Any CPU.Build.0 = Release|Any CPU
		{80DE2BF4-3C6A-44F0-BC3F-FA6CED7AB1DA}.Debug|Any CPU.ActiveCfg = Debug|Any CPU
		{80DE2BF4-3C6A-44F0-BC3F-FA6CED7AB1DA}.Debug|Any CPU.Build.0 = Debug|Any CPU
		{80DE2BF4-3C6A-44F0-BC3F-FA6CED7AB1DA}.Release|Any CPU.ActiveCfg = Release|Any CPU
		{80DE2BF4-3C6A-44F0-BC3F-FA6CED7AB1DA}.Release|Any CPU.Build.0 = Release|Any CPU
	EndGlobalSection
	GlobalSection(SolutionProperties) = preSolution
		HideSolutionNode = FALSE
	EndGlobalSection
	GlobalSection(ExtensibilityGlobals) = postSolution
		SolutionGuid = {719B1F4E-3471-4391-894C-9B7D6F87D38E}
	EndGlobalSection
EndGlobal
